Microsoft Visual Studio Solution File, Format Version 12.00
# Visual Studio 2012
Project("{FAE04EC0-301F-11D3-BF4B-00C04F79EFBC}") = "MixJam13", "MixJam13.csproj", "{64D50842-0EC4-4B27-B499-4B33F7728A1E}"
EndProject
Global
	GlobalSection(SolutionConfigurationPlatforms) = preSolution
	Debug|Any CPU = Debug|Any CPU
	ExportDebug|Any CPU = ExportDebug|Any CPU
	ExportRelease|Any CPU = ExportRelease|Any CPU
	EndGlobalSection
	GlobalSection(ProjectConfigurationPlatforms) = postSolution
		{64D50842-0EC4-4B27-B499-4B33F7728A1E}.Debug|Any CPU.ActiveCfg = Debug|Any CPU
		{64D50842-0EC4-4B27-B499-4B33F7728A1E}.Debug|Any CPU.Build.0 = Debug|Any CPU
		{64D50842-0EC4-4B27-B499-4B33F7728A1E}.ExportDebug|Any CPU.ActiveCfg = ExportDebug|Any CPU
		{64D50842-0EC4-4B27-B499-4B33F7728A1E}.ExportDebug|Any CPU.Build.0 = ExportDebug|Any CPU
		{64D50842-0EC4-4B27-B499-4B33F7728A1E}.ExportRelease|Any CPU.ActiveCfg = ExportRelease|Any CPU
		{64D50842-0EC4-4B27-B499-4B33F7728A1E}.ExportRelease|Any CPU.Build.0 = ExportRelease|Any CPU
	EndGlobalSection
EndGlobal
